// !$*UTF8*$!
{
	archiveVersion = 1;
	classes = {
	};
	objectVersion = 51;
	objects = {

/* Begin PBXBuildFile section */
		7BECDD1AAC4F4CCF4DB8E1F9 /* Pods_Todo.framework in Frameworks */ = {isa = PBXBuildFile; fileRef = A110DAEE69288628CC051F81 /* Pods_Todo.framework */; };
		EB3030842498487A00234C3A /* ToDo.swift in Sources */ = {isa = PBXBuildFile; fileRef = EB3030832498487A00234C3A /* ToDo.swift */; };
		EB602DBE2498543400F457FA /* TodoDetailViewController.swift in Sources */ = {isa = PBXBuildFile; fileRef = EB602DBD2498543400F457FA /* TodoDetailViewController.swift */; };
		EB68A3A124974F3A002F9EDF /* AppDelegate.swift in Sources */ = {isa = PBXBuildFile; fileRef = EB68A3A024974F3A002F9EDF /* AppDelegate.swift */; };
		EB68A3A324974F3A002F9EDF /* SceneDelegate.swift in Sources */ = {isa = PBXBuildFile; fileRef = EB68A3A224974F3A002F9EDF /* SceneDelegate.swift */; };
		EB68A3A524974F3A002F9EDF /* ViewController.swift in Sources */ = {isa = PBXBuildFile; fileRef = EB68A3A424974F3A002F9EDF /* ViewController.swift */; };
		EB68A3A824974F3A002F9EDF /* Main.storyboard in Resources */ = {isa = PBXBuildFile; fileRef = EB68A3A624974F3A002F9EDF /* Main.storyboard */; };
		EB68A3AA24974F3F002F9EDF /* Assets.xcassets in Resources */ = {isa = PBXBuildFile; fileRef = EB68A3A924974F3F002F9EDF /* Assets.xcassets */; };
		EB68A3AD24974F3F002F9EDF /* LaunchScreen.storyboard in Resources */ = {isa = PBXBuildFile; fileRef = EB68A3AB24974F3F002F9EDF /* LaunchScreen.storyboard */; };
/* End PBXBuildFile section */

/* Begin PBXFileReference section */
		A110DAEE69288628CC051F81 /* Pods_Todo.framework */ = {isa = PBXFileReference; explicitFileType = wrapper.framework; includeInIndex = 0; path = Pods_Todo.framework; sourceTree = BUILT_PRODUCTS_DIR; };
		DEB167AA2BECF864A61FF970 /* Pods-Todo.release.xcconfig */ = {isa = PBXFileReference; includeInIndex = 1; lastKnownFileType = text.xcconfig; name = "Pods-Todo.release.xcconfig"; path = "Target Support Files/Pods-Todo/Pods-Todo.release.xcconfig"; sourceTree = "<group>"; };
		EB3030832498487A00234C3A /* ToDo.swift */ = {isa = PBXFileReference; lastKnownFileType = sourcecode.swift; path = ToDo.swift; sourceTree = "<group>"; };
		EB602DBD2498543400F457FA /* TodoDetailViewController.swift */ = {isa = PBXFileReference; lastKnownFileType = sourcecode.swift; path = TodoDetailViewController.swift; sourceTree = "<group>"; };
		EB68A39D24974F3A002F9EDF /* Todo.app */ = {isa = PBXFileReference; explicitFileType = wrapper.application; includeInIndex = 0; path = Todo.app; sourceTree = BUILT_PRODUCTS_DIR; };
		EB68A3A024974F3A002F9EDF /* AppDelegate.swift */ = {isa = PBXFileReference; lastKnownFileType = sourcecode.swift; path = AppDelegate.swift; sourceTree = "<group>"; };
		EB68A3A224974F3A002F9EDF /* SceneDelegate.swift */ = {isa = PBXFileReference; lastKnownFileType = sourcecode.swift; path = SceneDelegate.swift; sourceTree = "<group>"; };
		EB68A3A424974F3A002F9EDF /* ViewController.swift */ = {isa = PBXFileReference; lastKnownFileType = sourcecode.swift; path = ViewController.swift; sourceTree = "<group>"; };
		EB68A3A724974F3A002F9EDF /* Base */ = {isa = PBXFileReference; lastKnownFileType = file.storyboard; name = Base; path = Base.lproj/Main.storyboard; sourceTree = "<group>"; };
		EB68A3A924974F3F002F9EDF /* Assets.xcassets */ = {isa = PBXFileReference; lastKnownFileType = folder.assetcatalog; path = Assets.xcassets; sourceTree = "<group>"; };
		EB68A3AC24974F3F002F9EDF /* Base */ = {isa = PBXFileReference; lastKnownFileType = file.storyboard; name = Base; path = Base.lproj/LaunchScreen.storyboard; sourceTree = "<group>"; };
		EB68A3AE24974F3F002F9EDF /* Info.plist */ = {isa = PBXFileReference; lastKnownFileType = text.plist.xml; path = Info.plist; sourceTree = "<group>"; };
		F5778BFC59055476BD534349 /* Pods-Todo.debug.xcconfig */ = {isa = PBXFileReference; includeInIndex = 1; lastKnownFileType = text.xcconfig; name = "Pods-Todo.debug.xcconfig"; path = "Target Support Files/Pods-Todo/Pods-Todo.debug.xcconfig"; sourceTree = "<group>"; };
/* End PBXFileReference section */

/* Begin PBXFrameworksBuildPhase section */
		EB68A39A24974F39002F9EDF /* Frameworks */ = {
			isa = PBXFrameworksBuildPhase;
			buildActionMask = 2147483647;
			files = (
				7BECDD1AAC4F4CCF4DB8E1F9 /* Pods_Todo.framework in Frameworks */,
			);
			runOnlyForDeploymentPostprocessing = 0;
		};
/* End PBXFrameworksBuildPhase section */

/* Begin PBXGroup section */
		0280E857908F7A32E9A0D0FB /* Pods */ = {
			isa = PBXGroup;
			children = (
				F5778BFC59055476BD534349 /* Pods-Todo.debug.xcconfig */,
				DEB167AA2BECF864A61FF970 /* Pods-Todo.release.xcconfig */,
			);
			path = Pods;
			sourceTree = "<group>";
		};
		CC8660A01170D93B455645CC /* Frameworks */ = {
			isa = PBXGroup;
			children = (
				A110DAEE69288628CC051F81 /* Pods_Todo.framework */,
			);
			name = Frameworks;
			sourceTree = "<group>";
		};
		EB68A39424974F39002F9EDF = {
			isa = PBXGroup;
			children = (
				EB68A39F24974F3A002F9EDF /* Todo */,
				EB68A39E24974F3A002F9EDF /* Products */,
				0280E857908F7A32E9A0D0FB /* Pods */,
				CC8660A01170D93B455645CC /* Frameworks */,
			);
			sourceTree = "<group>";
		};
		EB68A39E24974F3A002F9EDF /* Products */ = {
			isa = PBXGroup;
			children = (
				EB68A39D24974F3A002F9EDF /* Todo.app */,
			);
			name = Products;
			sourceTree = "<group>";
		};
		EB68A39F24974F3A002F9EDF /* Todo */ = {
			isa = PBXGroup;
			children = (
				EB68A3A024974F3A002F9EDF /* AppDelegate.swift */,
				EB68A3A224974F3A002F9EDF /* SceneDelegate.swift */,
				EB68A3A424974F3A002F9EDF /* ViewController.swift */,
				EB68A3A624974F3A002F9EDF /* Main.storyboard */,
				EB68A3A924974F3F002F9EDF /* Assets.xcassets */,
				EB68A3AB24974F3F002F9EDF /* LaunchScreen.storyboard */,
				EB68A3AE24974F3F002F9EDF /* Info.plist */,
				EB3030832498487A00234C3A /* ToDo.swift */,
				EB602DBD2498543400F457FA /* TodoDetailViewController.swift */,
			);
			path = Todo;
			sourceTree = "<group>";
		};
/* End PBXGroup section */

/* Begin PBXNativeTarget section */
		EB68A39C24974F39002F9EDF /* Todo */ = {
			isa = PBXNativeTarget;
			buildConfigurationList = EB68A3B124974F3F002F9EDF /* Build configuration list for PBXNativeTarget "Todo" */;
			buildPhases = (
				229EA6119B66196B5E501BE3 /* [CP] Check Pods Manifest.lock */,
				EB68A39924974F39002F9EDF /* Sources */,
				EB68A39A24974F39002F9EDF /* Frameworks */,
				EB68A39B24974F39002F9EDF /* Resources */,
				07B1B015CA2DDE0E897AA6FF /* [CP] Embed Pods Frameworks */,
			);
			buildRules = (
			);
			dependencies = (
			);
			name = Todo;
			productName = Todo;
			productReference = EB68A39D24974F3A002F9EDF /* Todo.app */;
			productType = "com.apple.product-type.application";
		};
/* End PBXNativeTarget section */

/* Begin PBXProject section */
		EB68A39524974F39002F9EDF /* Project object */ = {
			isa = PBXProject;
			attributes = {
				LastSwiftUpdateCheck = 1150;
				LastUpgradeCheck = 1150;
				ORGANIZATIONNAME = ALJ;
				TargetAttributes = {
					EB68A39C24974F39002F9EDF = {
						CreatedOnToolsVersion = 11.5;
					};
				};
			};
			buildConfigurationList = EB68A39824974F39002F9EDF /* Build configuration list for PBXProject "Todo" */;
			compatibilityVersion = "Xcode 9.3";
			developmentRegion = en;
			hasScannedForEncodings = 0;
			knownRegions = (
				en,
				Base,
			);
			mainGroup = EB68A39424974F39002F9EDF;
			productRefGroup = EB68A39E24974F3A002F9EDF /* Products */;
			projectDirPath = "";
			projectRoot = "";
			targets = (
				EB68A39C24974F39002F9EDF /* Todo */,
			);
		};
/* End PBXProject section */

/* Begin PBXResourcesBuildPhase section */
		EB68A39B24974F39002F9EDF /* Resources */ = {
			isa = PBXResourcesBuildPhase;
			buildActionMask = 2147483647;
			files = (
				EB68A3AD24974F3F002F9EDF /* LaunchScreen.storyboard in Resources */,
				EB68A3AA24974F3F002F9EDF /* Assets.xcassets in Resources */,
				EB68A3A824974F3A002F9EDF /* Main.storyboard in Resources */,
			);
			runOnlyForDeploymentPostprocessing = 0;
		};
/* End PBXResourcesBuildPhase section */

/* Begin PBXShellScriptBuildPhase section */
		07B1B015CA2DDE0E897AA6FF /* [CP] Embed Pods Frameworks */ = {
			isa = PBXShellScriptBuildPhase;
			buildActionMask = 2147483647;
			files = (
			);
			inputFileListPaths = (
				"${PODS_ROOT}/Target Support Files/Pods-Todo/Pods-Todo-frameworks-${CONFIGURATION}-input-files.xcfilelist",
			);
			name = "[CP] Embed Pods Frameworks";
			outputFileListPaths = (
				"${PODS_ROOT}/Target Support Files/Pods-Todo/Pods-Todo-frameworks-${CONFIGURATION}-output-files.xcfilelist",
			);
			runOnlyForDeploymentPostprocessing = 0;
			shellPath = /bin/sh;
			shellScript = "\"${PODS_ROOT}/Target Support Files/Pods-Todo/Pods-Todo-frameworks.sh\"\n";
			showEnvVarsInLog = 0;
		};
		229EA6119B66196B5E501BE3 /* [CP] Check Pods Manifest.lock */ = {
			isa = PBXShellScriptBuildPhase;
			buildActionMask = 2147483647;
			files = (
			);
			inputFileListPaths = (
			);
			inputPaths = (
				"${PODS_PODFILE_DIR_PATH}/Podfile.lock",
				"${PODS_ROOT}/Manifest.lock",
			);
			name = "[CP] Check Pods Manifest.lock";
			outputFileListPaths = (
			);
			outputPaths = (
				"$(DERIVED_FILE_DIR)/Pods-Todo-checkManifestLockResult.txt",
			);
			runOnlyForDeploymentPostprocessing = 0;
			shellPath = /bin/sh;
			shellScript = "diff \"${PODS_PODFILE_DIR_PATH}/Podfile.lock\" \"${PODS_ROOT}/Manifest.lock\" > /dev/null\nif [ $? != 0 ] ; then\n    # print error to STDERR\n    echo \"error: The sandbox is not in sync with the Podfile.lock. Run 'pod install' or update your CocoaPods installation.\" >&2\n    exit 1\nfi\n# This output is used by Xcode 'outputs' to avoid re-running this script phase.\necho \"SUCCESS\" > \"${SCRIPT_OUTPUT_FILE_0}\"\n";
			showEnvVarsInLog = 0;
		};
/* End PBXShellScriptBuildPhase section */

/* Begin PBXSourcesBuildPhase section */
		EB68A39924974F39002F9EDF /* Sources */ = {
			isa = PBXSourcesBuildPhase;
			buildActionMask = 2147483647;
			files = (
				EB68A3A524974F3A002F9EDF /* ViewController.swift in Sources */,
				EB602DBE2498543400F457FA /* TodoDetailViewController.swift in Sources */,
				EB68A3A124974F3A002F9EDF /* AppDelegate.swift in Sources */,
				EB68A3A324974F3A002F9EDF /* SceneDelegate.swift in Sources */,
				EB3030842498487A00234C3A /* ToDo.swift in Sources */,
			);
			runOnlyForDeploymentPostprocessing = 0;
		};
/* End PBXSourcesBuildPhase section */

/* Begin PBXVariantGroup section */
		EB68A3A624974F3A002F9EDF /* Main.storyboard */ = {
			isa = PBXVariantGroup;
			children = (
				EB68A3A724974F3A002F9EDF /* Base */,
			);
			name = Main.storyboard;
			sourceTree = "<group>";
		};
		EB68A3AB24974F3F002F9EDF /* LaunchScreen.storyboard */ = {
			isa = PBXVariantGroup;
			children = (
				EB68A3AC24974F3F002F9EDF /* Base */,
			);
			name = LaunchScreen.storyboard;
			sourceTree = "<group>";
		};
/* End PBXVariantGroup section */

/* Begin XCBuildConfiguration section */
		EB68A3AF24974F3F002F9EDF /* Debug */ = {
			isa = XCBuildConfiguration;
			buildSettings = {
				ALWAYS_SEARCH_USER_PATHS = NO;
				CLANG_ANALYZER_NONNULL = YES;
				CLANG_ANALYZER_NUMBER_OBJECT_CONVERSION = YES_AGGRESSIVE;
				CLANG_CXX_LANGUAGE_STANDARD = "gnu++14";
				CLANG_CXX_LIBRARY = "libc++";
				CLANG_ENABLE_MODULES = YES;
				CLANG_ENABLE_OBJC_ARC = YES;
				CLANG_ENABLE_OBJC_WEAK = YES;
				CLANG_WARN_BLOCK_CAPTURE_AUTORELEASING = YES;
				CLANG_WARN_BOOL_CONVERSION = YES;
				CLANG_WARN_COMMA = YES;
				CLANG_WARN_CONSTANT_CONVERSION = YES;
				CLANG_WARN_DEPRECATED_OBJC_IMPLEMENTATIONS = YES;
				CLANG_WARN_DIRECT_OBJC_ISA_USAGE = YES_ERROR;
				CLANG_WARN_DOCUMENTATION_COMMENTS = YES;
				CLANG_WARN_EMPTY_BODY = YES;
				CLANG_WARN_ENUM_CONVERSION = YES;
				CLANG_WARN_INFINITE_RECURSION = YES;
				CLANG_WARN_INT_CONVERSION = YES;
				CLANG_WARN_NON_LITERAL_NULL_CONVERSION = YES;
				CLANG_WARN_OBJC_IMPLICIT_RETAIN_SELF = YES;
				CLANG_WARN_OBJC_LITERAL_CONVERSION = YES;
				CLANG_WARN_OBJC_ROOT_CLASS = YES_ERROR;
				CLANG_WARN_RANGE_LOOP_ANALYSIS = YES;
				CLANG_WARN_STRICT_PROTOTYPES = YES;
				CLANG_WARN_SUSPICIOUS_MOVE = YES;
				CLANG_WARN_UNGUARDED_AVAILABILITY = YES_AGGRESSIVE;
				CLANG_WARN_UNREACHABLE_CODE = YES;
				CLANG_WARN__DUPLICATE_METHOD_MATCH = YES;
				COPY_PHASE_STRIP = NO;
				DEBUG_INFORMATION_FORMAT = dwarf;
				ENABLE_STRICT_OBJC_MSGSEND = YES;
				ENABLE_TESTABILITY = YES;
				GCC_C_LANGUAGE_STANDARD = gnu11;
				GCC_DYNAMIC_NO_PIC = NO;
				GCC_NO_COMMON_BLOCKS = YES;
				GCC_OPTIMIZATION_LEVEL = 0;
				GCC_PREPROCESSOR_DEFINITIONS = (
					"DEBUG=1",
					"$(inherited)",
				);
				GCC_WARN_64_TO_32_BIT_CONVERSION = YES;
				GCC_WARN_ABOUT_RETURN_TYPE = YES_ERROR;
				GCC_WARN_UNDECLARED_SELECTOR = YES;
				GCC_WARN_UNINITIALIZED_AUTOS = YES_AGGRESSIVE;
				GCC_WARN_UNUSED_FUNCTION = YES;
				GCC_WARN_UNUSED_VARIABLE = YES;
				IPHONEOS_DEPLOYMENT_TARGET = 13.5;
				MTL_ENABLE_DEBUG_INFO = INCLUDE_SOURCE;
				MTL_FAST_MATH = YES;
				ONLY_ACTIVE_ARCH = YES;
				SDKROOT = iphoneos;
				SWIFT_ACTIVE_COMPILATION_CONDITIONS = DEBUG;
				SWIFT_OPTIMIZATION_LEVEL = "-Onone";
			};
			name = Debug;
		};
		EB68A3B024974F3F002F9EDF /* Release */ = {
			isa = XCBuildConfiguration;
			buildSettings = {
				ALWAYS_SEARCH_USER_PATHS = NO;
				CLANG_ANALYZER_NONNULL = YES;
				CLANG_ANALYZER_NUMBER_OBJECT_CONVERSION = YES_AGGRESSIVE;
				CLANG_CXX_LANGUAGE_STANDARD = "gnu++14";
				CLANG_CXX_LIBRARY = "libc++";
				CLANG_ENABLE_MODULES = YES;
				CLANG_ENABLE_OBJC_ARC = YES;
				CLANG_ENABLE_OBJC_WEAK = YES;
				CLANG_WARN_BLOCK_CAPTURE_AUTORELEASING = YES;
				CLANG_WARN_BOOL_CONVERSION = YES;
				CLANG_WARN_COMMA = YES;
				CLANG_WARN_CONSTANT_CONVERSION = YES;
				CLANG_WARN_DEPRECATED_OBJC_IMPLEMENTATIONS = YES;
				CLANG_WARN_DIRECT_OBJC_ISA_USAGE = YES_ERROR;
				CLANG_WARN_DOCUMENTATION_COMMENTS = YES;
				CLANG_WARN_EMPTY_BODY = YES;
				CLANG_WARN_ENUM_CONVERSION = YES;
				CLANG_WARN_INFINITE_RECURSION = YES;
				CLANG_WARN_INT_CONVERSION = YES;
				CLANG_WARN_NON_LITERAL_NULL_CONVERSION = YES;
				CLANG_WARN_OBJC_IMPLICIT_RETAIN_SELF = YES;
				CLANG_WARN_OBJC_LITERAL_CONVERSION = YES;
				CLANG_WARN_OBJC_ROOT_CLASS = YES_ERROR;
				CLANG_WARN_RANGE_LOOP_ANALYSIS = YES;
				CLANG_WARN_STRICT_PROTOTYPES = YES;
				CLANG_WARN_SUSPICIOUS_MOVE = YES;
				CLANG_WARN_UNGUARDED_AVAILABILITY = YES_AGGRESSIVE;
				CLANG_WARN_UNREACHABLE_CODE = YES;
				CLANG_WARN__DUPLICATE_METHOD_MATCH = YES;
				COPY_PHASE_STRIP = NO;
				DEBUG_INFORMATION_FORMAT = "dwarf-with-dsym";
				ENABLE_NS_ASSERTIONS = NO;
				ENABLE_STRICT_OBJC_MSGSEND = YES;
				GCC_C_LANGUAGE_STANDARD = gnu11;
				GCC_NO_COMMON_BLOCKS = YES;
				GCC_WARN_64_TO_32_BIT_CONVERSION = YES;
				GCC_WARN_ABOUT_RETURN_TYPE = YES_ERROR;
				GCC_WARN_UNDECLARED_SELECTOR = YES;
				GCC_WARN_UNINITIALIZED_AUTOS = YES_AGGRESSIVE;
				GCC_WARN_UNUSED_FUNCTION = YES;
				GCC_WARN_UNUSED_VARIABLE = YES;
				IPHONEOS_DEPLOYMENT_TARGET = 13.5;
				MTL_ENABLE_DEBUG_INFO = NO;
				MTL_FAST_MATH = YES;
				SDKROOT = iphoneos;
				SWIFT_COMPILATION_MODE = wholemodule;
				SWIFT_OPTIMIZATION_LEVEL = "-O";
				VALIDATE_PRODUCT = YES;
			};
			name = Release;
		};
		EB68A3B224974F3F002F9EDF /* Debug */ = {
			isa = XCBuildConfiguration;
			baseConfigurationReference = F5778BFC59055476BD534349 /* Pods-Todo.debug.xcconfig */;
			buildSettings = {
				ASSETCATALOG_COMPILER_APPICON_NAME = AppIcon;
				CODE_SIGN_STYLE = Automatic;
				INFOPLIST_FILE = Todo/Info.plist;
				LD_RUNPATH_SEARCH_PATHS = (
					"$(inherited)",
					"@executable_path/Frameworks",
				);
				PRODUCT_BUNDLE_IDENTIFIER = "jp.co.al-j.Todo";
				PRODUCT_NAME = "$(TARGET_NAME)";
				SWIFT_VERSION = 5.0;
				TARGETED_DEVICE_FAMILY = 1;
			};
			name = Debug;
		};
		EB68A3B324974F3F002F9EDF /* Release */ = {
			isa = XCBuildConfiguration;
			baseConfigurationReference = DEB167AA2BECF864A61FF970 /* Pods-Todo.release.xcconfig */;
			buildSettings = {
				ASSETCATALOG_COMPILER_APPICON_NAME = AppIcon;
				CODE_SIGN_STYLE = Automatic;
				INFOPLIST_FILE = Todo/Info.plist;
				LD_RUNPATH_SEARCH_PATHS = (
					"$(inherited)",
					"@executable_path/Frameworks",
				);
				PRODUCT_BUNDLE_IDENTIFIER = "jp.co.al-j.Todo";
				PRODUCT_NAME = "$(TARGET_NAME)";
				SWIFT_VERSION = 5.0;
				TARGETED_DEVICE_FAMILY = 1;
			};
			name = Release;
		};
/* End XCBuildConfiguration section */

/* Begin XCConfigurationList section */
		EB68A39824974F39002F9EDF /* Build configuration list for PBXProject "Todo" */ = {
			isa = XCConfigurationList;
			buildConfigurations = (
				EB68A3AF24974F3F002F9EDF /* Debug */,
				EB68A3B024974F3F002F9EDF /* Release */,
			);
			defaultConfigurationIsVisible = 0;
			defaultConfigurationName = Release;
		};
		EB68A3B124974F3F002F9EDF /* Build configuration list for PBXNativeTarget "Todo" */ = {
			isa = XCConfigurationList;
			buildConfigurations = (
				EB68A3B224974F3F002F9EDF /* Debug */,
				EB68A3B324974F3F002F9EDF /* Release */,
			);
			defaultConfigurationIsVisible = 0;
			defaultConfigurationName = Release;
		};
/* End XCConfigurationList section */
	};
	rootObject = EB68A39524974F39002F9EDF /* Project object */;
}
