// !$*UTF8*$!
{
	archiveVersion = 1;
	classes = {
	};
	objectVersion = 51;
	objects = {

/* Begin PBXBuildFile section */
		D5199772E92408119383D932 /* Pods_Deai.framework in Frameworks */ = {isa = PBXBuildFile; fileRef = 4F4996920952A440E907C230 /* Pods_Deai.framework */; };
		EB2DFA1F2499A84A00947EAA /* AppDelegate.swift in Sources */ = {isa = PBXBuildFile; fileRef = EB2DFA1E2499A84A00947EAA /* AppDelegate.swift */; };
		EB2DFA212499A84A00947EAA /* SceneDelegate.swift in Sources */ = {isa = PBXBuildFile; fileRef = EB2DFA202499A84A00947EAA /* SceneDelegate.swift */; };
		EB2DFA232499A84A00947EAA /* ViewController.swift in Sources */ = {isa = PBXBuildFile; fileRef = EB2DFA222499A84A00947EAA /* ViewController.swift */; };
		EB2DFA262499A84A00947EAA /* Main.storyboard in Resources */ = {isa = PBXBuildFile; fileRef = EB2DFA242499A84A00947EAA /* Main.storyboard */; };
		EB2DFA282499A84D00947EAA /* Assets.xcassets in Resources */ = {isa = PBXBuildFile; fileRef = EB2DFA272499A84D00947EAA /* Assets.xcassets */; };
		EB2DFA2B2499A84D00947EAA /* LaunchScreen.storyboard in Resources */ = {isa = PBXBuildFile; fileRef = EB2DFA292499A84D00947EAA /* LaunchScreen.storyboard */; };
		EBA1E3432499E4A600F4C151 /* TinderViewController.swift in Sources */ = {isa = PBXBuildFile; fileRef = EBA1E3422499E4A600F4C151 /* TinderViewController.swift */; };
		EBB38ADD249C40460072F217 /* MessageUI.framework in Frameworks */ = {isa = PBXBuildFile; fileRef = EBB38ADC249C40460072F217 /* MessageUI.framework */; };
		EBDC4771249B073800DB11EA /* ContactViewController.swift in Sources */ = {isa = PBXBuildFile; fileRef = EBDC4770249B073800DB11EA /* ContactViewController.swift */; };
		EBDC4773249B4AD900DB11EA /* UserDetailViewController.swift in Sources */ = {isa = PBXBuildFile; fileRef = EBDC4772249B4AD900DB11EA /* UserDetailViewController.swift */; };
		EBEA72712499AD8000FD8DDD /* FBSDKCoreKit.framework in Frameworks */ = {isa = PBXBuildFile; fileRef = EBEA72702499AD8000FD8DDD /* FBSDKCoreKit.framework */; };
		EBEA72732499AD8000FD8DDD /* FBSDKLoginKit.framework in Frameworks */ = {isa = PBXBuildFile; fileRef = EBEA72722499AD8000FD8DDD /* FBSDKLoginKit.framework */; };
		EBEA72752499AD8000FD8DDD /* FBSDKPlacesKit.framework in Frameworks */ = {isa = PBXBuildFile; fileRef = EBEA72742499AD8000FD8DDD /* FBSDKPlacesKit.framework */; };
		EBEA72772499AD8000FD8DDD /* FBSDKShareKit.framework in Frameworks */ = {isa = PBXBuildFile; fileRef = EBEA72762499AD8000FD8DDD /* FBSDKShareKit.framework */; };
		EBEA72792499B81300FD8DDD /* FBLoginViewController.swift in Sources */ = {isa = PBXBuildFile; fileRef = EBEA72782499B81300FD8DDD /* FBLoginViewController.swift */; };
/* End PBXBuildFile section */

/* Begin PBXFileReference section */
		29EF86D13EC2058818B33315 /* Pods-Deai.debug.xcconfig */ = {isa = PBXFileReference; includeInIndex = 1; lastKnownFileType = text.xcconfig; name = "Pods-Deai.debug.xcconfig"; path = "Target Support Files/Pods-Deai/Pods-Deai.debug.xcconfig"; sourceTree = "<group>"; };
		4F4996920952A440E907C230 /* Pods_Deai.framework */ = {isa = PBXFileReference; explicitFileType = wrapper.framework; includeInIndex = 0; path = Pods_Deai.framework; sourceTree = BUILT_PRODUCTS_DIR; };
		EB2DFA1B2499A84A00947EAA /* Deai.app */ = {isa = PBXFileReference; explicitFileType = wrapper.application; includeInIndex = 0; path = Deai.app; sourceTree = BUILT_PRODUCTS_DIR; };
		EB2DFA1E2499A84A00947EAA /* AppDelegate.swift */ = {isa = PBXFileReference; lastKnownFileType = sourcecode.swift; path = AppDelegate.swift; sourceTree = "<group>"; };
		EB2DFA202499A84A00947EAA /* SceneDelegate.swift */ = {isa = PBXFileReference; lastKnownFileType = sourcecode.swift; path = SceneDelegate.swift; sourceTree = "<group>"; };
		EB2DFA222499A84A00947EAA /* ViewController.swift */ = {isa = PBXFileReference; lastKnownFileType = sourcecode.swift; path = ViewController.swift; sourceTree = "<group>"; };
		EB2DFA252499A84A00947EAA /* Base */ = {isa = PBXFileReference; lastKnownFileType = file.storyboard; name = Base; path = Base.lproj/Main.storyboard; sourceTree = "<group>"; };
		EB2DFA272499A84D00947EAA /* Assets.xcassets */ = {isa = PBXFileReference; lastKnownFileType = folder.assetcatalog; path = Assets.xcassets; sourceTree = "<group>"; };
		EB2DFA2A2499A84D00947EAA /* Base */ = {isa = PBXFileReference; lastKnownFileType = file.storyboard; name = Base; path = Base.lproj/LaunchScreen.storyboard; sourceTree = "<group>"; };
		EB2DFA2C2499A84D00947EAA /* Info.plist */ = {isa = PBXFileReference; lastKnownFileType = text.plist.xml; path = Info.plist; sourceTree = "<group>"; };
		EBA1E3422499E4A600F4C151 /* TinderViewController.swift */ = {isa = PBXFileReference; lastKnownFileType = sourcecode.swift; path = TinderViewController.swift; sourceTree = "<group>"; };
		EBB38ADC249C40460072F217 /* MessageUI.framework */ = {isa = PBXFileReference; lastKnownFileType = wrapper.framework; name = MessageUI.framework; path = System/Library/Frameworks/MessageUI.framework; sourceTree = SDKROOT; };
		EBDC4770249B073800DB11EA /* ContactViewController.swift */ = {isa = PBXFileReference; lastKnownFileType = sourcecode.swift; path = ContactViewController.swift; sourceTree = "<group>"; };
		EBDC4772249B4AD900DB11EA /* UserDetailViewController.swift */ = {isa = PBXFileReference; lastKnownFileType = sourcecode.swift; path = UserDetailViewController.swift; sourceTree = "<group>"; };
		EBEA726F2499A91000FD8DDD /* Deai-Bridging-Header.h */ = {isa = PBXFileReference; lastKnownFileType = sourcecode.c.h; path = "Deai-Bridging-Header.h"; sourceTree = "<group>"; };
		EBEA72702499AD8000FD8DDD /* FBSDKCoreKit.framework */ = {isa = PBXFileReference; explicitFileType = wrapper.framework; path = FBSDKCoreKit.framework; sourceTree = BUILT_PRODUCTS_DIR; };
		EBEA72722499AD8000FD8DDD /* FBSDKLoginKit.framework */ = {isa = PBXFileReference; explicitFileType = wrapper.framework; path = FBSDKLoginKit.framework; sourceTree = BUILT_PRODUCTS_DIR; };
		EBEA72742499AD8000FD8DDD /* FBSDKPlacesKit.framework */ = {isa = PBXFileReference; explicitFileType = wrapper.framework; path = FBSDKPlacesKit.framework; sourceTree = BUILT_PRODUCTS_DIR; };
		EBEA72762499AD8000FD8DDD /* FBSDKShareKit.framework */ = {isa = PBXFileReference; explicitFileType = wrapper.framework; path = FBSDKShareKit.framework; sourceTree = BUILT_PRODUCTS_DIR; };
		EBEA72782499B81300FD8DDD /* FBLoginViewController.swift */ = {isa = PBXFileReference; lastKnownFileType = sourcecode.swift; path = FBLoginViewController.swift; sourceTree = "<group>"; };
		F95480E80C1AFDADC510EBA6 /* Pods-Deai.release.xcconfig */ = {isa = PBXFileReference; includeInIndex = 1; lastKnownFileType = text.xcconfig; name = "Pods-Deai.release.xcconfig"; path = "Target Support Files/Pods-Deai/Pods-Deai.release.xcconfig"; sourceTree = "<group>"; };
/* End PBXFileReference section */

/* Begin PBXFrameworksBuildPhase section */
		EB2DFA182499A84A00947EAA /* Frameworks */ = {
			isa = PBXFrameworksBuildPhase;
			buildActionMask = 2147483647;
			files = (
				EBB38ADD249C40460072F217 /* MessageUI.framework in Frameworks */,
				EBEA72712499AD8000FD8DDD /* FBSDKCoreKit.framework in Frameworks */,
				EBEA72732499AD8000FD8DDD /* FBSDKLoginKit.framework in Frameworks */,
				EBEA72752499AD8000FD8DDD /* FBSDKPlacesKit.framework in Frameworks */,
				EBEA72772499AD8000FD8DDD /* FBSDKShareKit.framework in Frameworks */,
				D5199772E92408119383D932 /* Pods_Deai.framework in Frameworks */,
			);
			runOnlyForDeploymentPostprocessing = 0;
		};
/* End PBXFrameworksBuildPhase section */

/* Begin PBXGroup section */
		0DC7C83CDDF8947CFA974FF1 /* Frameworks */ = {
			isa = PBXGroup;
			children = (
				EBB38ADC249C40460072F217 /* MessageUI.framework */,
				EBEA72702499AD8000FD8DDD /* FBSDKCoreKit.framework */,
				EBEA72722499AD8000FD8DDD /* FBSDKLoginKit.framework */,
				EBEA72742499AD8000FD8DDD /* FBSDKPlacesKit.framework */,
				EBEA72762499AD8000FD8DDD /* FBSDKShareKit.framework */,
				4F4996920952A440E907C230 /* Pods_Deai.framework */,
			);
			name = Frameworks;
			sourceTree = "<group>";
		};
		D44E009D3FFBD11CE8EA8347 /* Pods */ = {
			isa = PBXGroup;
			children = (
				29EF86D13EC2058818B33315 /* Pods-Deai.debug.xcconfig */,
				F95480E80C1AFDADC510EBA6 /* Pods-Deai.release.xcconfig */,
			);
			path = Pods;
			sourceTree = "<group>";
		};
		EB2DFA122499A84A00947EAA = {
			isa = PBXGroup;
			children = (
				EB2DFA1D2499A84A00947EAA /* Deai */,
				EB2DFA1C2499A84A00947EAA /* Products */,
				D44E009D3FFBD11CE8EA8347 /* Pods */,
				0DC7C83CDDF8947CFA974FF1 /* Frameworks */,
			);
			sourceTree = "<group>";
		};
		EB2DFA1C2499A84A00947EAA /* Products */ = {
			isa = PBXGroup;
			children = (
				EB2DFA1B2499A84A00947EAA /* Deai.app */,
			);
			name = Products;
			sourceTree = "<group>";
		};
		EB2DFA1D2499A84A00947EAA /* Deai */ = {
			isa = PBXGroup;
			children = (
				EB2DFA1E2499A84A00947EAA /* AppDelegate.swift */,
				EB2DFA202499A84A00947EAA /* SceneDelegate.swift */,
				EB2DFA222499A84A00947EAA /* ViewController.swift */,
				EB2DFA242499A84A00947EAA /* Main.storyboard */,
				EB2DFA272499A84D00947EAA /* Assets.xcassets */,
				EB2DFA292499A84D00947EAA /* LaunchScreen.storyboard */,
				EB2DFA2C2499A84D00947EAA /* Info.plist */,
				EBEA726F2499A91000FD8DDD /* Deai-Bridging-Header.h */,
				EBEA72782499B81300FD8DDD /* FBLoginViewController.swift */,
				EBA1E3422499E4A600F4C151 /* TinderViewController.swift */,
				EBDC4770249B073800DB11EA /* ContactViewController.swift */,
				EBDC4772249B4AD900DB11EA /* UserDetailViewController.swift */,
			);
			path = Deai;
			sourceTree = "<group>";
		};
/* End PBXGroup section */

/* Begin PBXNativeTarget section */
		EB2DFA1A2499A84A00947EAA /* Deai */ = {
			isa = PBXNativeTarget;
			buildConfigurationList = EB2DFA2F2499A84D00947EAA /* Build configuration list for PBXNativeTarget "Deai" */;
			buildPhases = (
				F05FB4DEF31D0D9FE772E014 /* [CP] Check Pods Manifest.lock */,
				EB2DFA172499A84A00947EAA /* Sources */,
				EB2DFA182499A84A00947EAA /* Frameworks */,
				EB2DFA192499A84A00947EAA /* Resources */,
				9669069BB2035DC1629E3308 /* [CP] Embed Pods Frameworks */,
			);
			buildRules = (
			);
			dependencies = (
			);
			name = Deai;
			productName = Deai;
			productReference = EB2DFA1B2499A84A00947EAA /* Deai.app */;
			productType = "com.apple.product-type.application";
		};
/* End PBXNativeTarget section */

/* Begin PBXProject section */
		EB2DFA132499A84A00947EAA /* Project object */ = {
			isa = PBXProject;
			attributes = {
				LastSwiftUpdateCheck = 1150;
				LastUpgradeCheck = 1150;
				ORGANIZATIONNAME = ALJ;
				TargetAttributes = {
					EB2DFA1A2499A84A00947EAA = {
						CreatedOnToolsVersion = 11.5;
					};
				};
			};
			buildConfigurationList = EB2DFA162499A84A00947EAA /* Build configuration list for PBXProject "Deai" */;
			compatibilityVersion = "Xcode 9.3";
			developmentRegion = en;
			hasScannedForEncodings = 0;
			knownRegions = (
				en,
				Base,
			);
			mainGroup = EB2DFA122499A84A00947EAA;
			productRefGroup = EB2DFA1C2499A84A00947EAA /* Products */;
			projectDirPath = "";
			projectRoot = "";
			targets = (
				EB2DFA1A2499A84A00947EAA /* Deai */,
			);
		};
/* End PBXProject section */

/* Begin PBXResourcesBuildPhase section */
		EB2DFA192499A84A00947EAA /* Resources */ = {
			isa = PBXResourcesBuildPhase;
			buildActionMask = 2147483647;
			files = (
				EB2DFA2B2499A84D00947EAA /* LaunchScreen.storyboard in Resources */,
				EB2DFA282499A84D00947EAA /* Assets.xcassets in Resources */,
				EB2DFA262499A84A00947EAA /* Main.storyboard in Resources */,
			);
			runOnlyForDeploymentPostprocessing = 0;
		};
/* End PBXResourcesBuildPhase section */

/* Begin PBXShellScriptBuildPhase section */
		9669069BB2035DC1629E3308 /* [CP] Embed Pods Frameworks */ = {
			isa = PBXShellScriptBuildPhase;
			buildActionMask = 2147483647;
			files = (
			);
			inputFileListPaths = (
				"${PODS_ROOT}/Target Support Files/Pods-Deai/Pods-Deai-frameworks-${CONFIGURATION}-input-files.xcfilelist",
			);
			name = "[CP] Embed Pods Frameworks";
			outputFileListPaths = (
				"${PODS_ROOT}/Target Support Files/Pods-Deai/Pods-Deai-frameworks-${CONFIGURATION}-output-files.xcfilelist",
			);
			runOnlyForDeploymentPostprocessing = 0;
			shellPath = /bin/sh;
			shellScript = "\"${PODS_ROOT}/Target Support Files/Pods-Deai/Pods-Deai-frameworks.sh\"\n";
			showEnvVarsInLog = 0;
		};
		F05FB4DEF31D0D9FE772E014 /* [CP] Check Pods Manifest.lock */ = {
			isa = PBXShellScriptBuildPhase;
			buildActionMask = 2147483647;
			files = (
			);
			inputFileListPaths = (
			);
			inputPaths = (
				"${PODS_PODFILE_DIR_PATH}/Podfile.lock",
				"${PODS_ROOT}/Manifest.lock",
			);
			name = "[CP] Check Pods Manifest.lock";
			outputFileListPaths = (
			);
			outputPaths = (
				"$(DERIVED_FILE_DIR)/Pods-Deai-checkManifestLockResult.txt",
			);
			runOnlyForDeploymentPostprocessing = 0;
			shellPath = /bin/sh;
			shellScript = "diff \"${PODS_PODFILE_DIR_PATH}/Podfile.lock\" \"${PODS_ROOT}/Manifest.lock\" > /dev/null\nif [ $? != 0 ] ; then\n    # print error to STDERR\n    echo \"error: The sandbox is not in sync with the Podfile.lock. Run 'pod install' or update your CocoaPods installation.\" >&2\n    exit 1\nfi\n# This output is used by Xcode 'outputs' to avoid re-running this script phase.\necho \"SUCCESS\" > \"${SCRIPT_OUTPUT_FILE_0}\"\n";
			showEnvVarsInLog = 0;
		};
/* End PBXShellScriptBuildPhase section */

/* Begin PBXSourcesBuildPhase section */
		EB2DFA172499A84A00947EAA /* Sources */ = {
			isa = PBXSourcesBuildPhase;
			buildActionMask = 2147483647;
			files = (
				EBDC4773249B4AD900DB11EA /* UserDetailViewController.swift in Sources */,
				EB2DFA232499A84A00947EAA /* ViewController.swift in Sources */,
				EB2DFA1F2499A84A00947EAA /* AppDelegate.swift in Sources */,
				EBA1E3432499E4A600F4C151 /* TinderViewController.swift in Sources */,
				EBEA72792499B81300FD8DDD /* FBLoginViewController.swift in Sources */,
				EB2DFA212499A84A00947EAA /* SceneDelegate.swift in Sources */,
				EBDC4771249B073800DB11EA /* ContactViewController.swift in Sources */,
			);
			runOnlyForDeploymentPostprocessing = 0;
		};
/* End PBXSourcesBuildPhase section */

/* Begin PBXVariantGroup section */
		EB2DFA242499A84A00947EAA /* Main.storyboard */ = {
			isa = PBXVariantGroup;
			children = (
				EB2DFA252499A84A00947EAA /* Base */,
			);
			name = Main.storyboard;
			sourceTree = "<group>";
		};
		EB2DFA292499A84D00947EAA /* LaunchScreen.storyboard */ = {
			isa = PBXVariantGroup;
			children = (
				EB2DFA2A2499A84D00947EAA /* Base */,
			);
			name = LaunchScreen.storyboard;
			sourceTree = "<group>";
		};
/* End PBXVariantGroup section */

/* Begin XCBuildConfiguration section */
		EB2DFA2D2499A84D00947EAA /* Debug */ = {
			isa = XCBuildConfiguration;
			buildSettings = {
				ALWAYS_SEARCH_USER_PATHS = NO;
				CLANG_ANALYZER_NONNULL = YES;
				CLANG_ANALYZER_NUMBER_OBJECT_CONVERSION = YES_AGGRESSIVE;
				CLANG_CXX_LANGUAGE_STANDARD = "gnu++14";
				CLANG_CXX_LIBRARY = "libc++";
				CLANG_ENABLE_MODULES = YES;
				CLANG_ENABLE_OBJC_ARC = YES;
				CLANG_ENABLE_OBJC_WEAK = YES;
				CLANG_WARN_BLOCK_CAPTURE_AUTORELEASING = YES;
				CLANG_WARN_BOOL_CONVERSION = YES;
				CLANG_WARN_COMMA = YES;
				CLANG_WARN_CONSTANT_CONVERSION = YES;
				CLANG_WARN_DEPRECATED_OBJC_IMPLEMENTATIONS = YES;
				CLANG_WARN_DIRECT_OBJC_ISA_USAGE = YES_ERROR;
				CLANG_WARN_DOCUMENTATION_COMMENTS = YES;
				CLANG_WARN_EMPTY_BODY = YES;
				CLANG_WARN_ENUM_CONVERSION = YES;
				CLANG_WARN_INFINITE_RECURSION = YES;
				CLANG_WARN_INT_CONVERSION = YES;
				CLANG_WARN_NON_LITERAL_NULL_CONVERSION = YES;
				CLANG_WARN_OBJC_IMPLICIT_RETAIN_SELF = YES;
				CLANG_WARN_OBJC_LITERAL_CONVERSION = YES;
				CLANG_WARN_OBJC_ROOT_CLASS = YES_ERROR;
				CLANG_WARN_RANGE_LOOP_ANALYSIS = YES;
				CLANG_WARN_STRICT_PROTOTYPES = YES;
				CLANG_WARN_SUSPICIOUS_MOVE = YES;
				CLANG_WARN_UNGUARDED_AVAILABILITY = YES_AGGRESSIVE;
				CLANG_WARN_UNREACHABLE_CODE = YES;
				CLANG_WARN__DUPLICATE_METHOD_MATCH = YES;
				COPY_PHASE_STRIP = NO;
				DEBUG_INFORMATION_FORMAT = dwarf;
				ENABLE_STRICT_OBJC_MSGSEND = YES;
				ENABLE_TESTABILITY = YES;
				GCC_C_LANGUAGE_STANDARD = gnu11;
				GCC_DYNAMIC_NO_PIC = NO;
				GCC_NO_COMMON_BLOCKS = YES;
				GCC_OPTIMIZATION_LEVEL = 0;
				GCC_PREPROCESSOR_DEFINITIONS = (
					"DEBUG=1",
					"$(inherited)",
				);
				GCC_WARN_64_TO_32_BIT_CONVERSION = YES;
				GCC_WARN_ABOUT_RETURN_TYPE = YES_ERROR;
				GCC_WARN_UNDECLARED_SELECTOR = YES;
				GCC_WARN_UNINITIALIZED_AUTOS = YES_AGGRESSIVE;
				GCC_WARN_UNUSED_FUNCTION = YES;
				GCC_WARN_UNUSED_VARIABLE = YES;
				IPHONEOS_DEPLOYMENT_TARGET = 13.4;
				MTL_ENABLE_DEBUG_INFO = INCLUDE_SOURCE;
				MTL_FAST_MATH = YES;
				ONLY_ACTIVE_ARCH = YES;
				SDKROOT = iphoneos;
				SWIFT_ACTIVE_COMPILATION_CONDITIONS = DEBUG;
				SWIFT_OPTIMIZATION_LEVEL = "-Onone";
			};
			name = Debug;
		};
		EB2DFA2E2499A84D00947EAA /* Release */ = {
			isa = XCBuildConfiguration;
			buildSettings = {
				ALWAYS_SEARCH_USER_PATHS = NO;
				CLANG_ANALYZER_NONNULL = YES;
				CLANG_ANALYZER_NUMBER_OBJECT_CONVERSION = YES_AGGRESSIVE;
				CLANG_CXX_LANGUAGE_STANDARD = "gnu++14";
				CLANG_CXX_LIBRARY = "libc++";
				CLANG_ENABLE_MODULES = YES;
				CLANG_ENABLE_OBJC_ARC = YES;
				CLANG_ENABLE_OBJC_WEAK = YES;
				CLANG_WARN_BLOCK_CAPTURE_AUTORELEASING = YES;
				CLANG_WARN_BOOL_CONVERSION = YES;
				CLANG_WARN_COMMA = YES;
				CLANG_WARN_CONSTANT_CONVERSION = YES;
				CLANG_WARN_DEPRECATED_OBJC_IMPLEMENTATIONS = YES;
				CLANG_WARN_DIRECT_OBJC_ISA_USAGE = YES_ERROR;
				CLANG_WARN_DOCUMENTATION_COMMENTS = YES;
				CLANG_WARN_EMPTY_BODY = YES;
				CLANG_WARN_ENUM_CONVERSION = YES;
				CLANG_WARN_INFINITE_RECURSION = YES;
				CLANG_WARN_INT_CONVERSION = YES;
				CLANG_WARN_NON_LITERAL_NULL_CONVERSION = YES;
				CLANG_WARN_OBJC_IMPLICIT_RETAIN_SELF = YES;
				CLANG_WARN_OBJC_LITERAL_CONVERSION = YES;
				CLANG_WARN_OBJC_ROOT_CLASS = YES_ERROR;
				CLANG_WARN_RANGE_LOOP_ANALYSIS = YES;
				CLANG_WARN_STRICT_PROTOTYPES = YES;
				CLANG_WARN_SUSPICIOUS_MOVE = YES;
				CLANG_WARN_UNGUARDED_AVAILABILITY = YES_AGGRESSIVE;
				CLANG_WARN_UNREACHABLE_CODE = YES;
				CLANG_WARN__DUPLICATE_METHOD_MATCH = YES;
				COPY_PHASE_STRIP = NO;
				DEBUG_INFORMATION_FORMAT = "dwarf-with-dsym";
				ENABLE_NS_ASSERTIONS = NO;
				ENABLE_STRICT_OBJC_MSGSEND = YES;
				GCC_C_LANGUAGE_STANDARD = gnu11;
				GCC_NO_COMMON_BLOCKS = YES;
				GCC_WARN_64_TO_32_BIT_CONVERSION = YES;
				GCC_WARN_ABOUT_RETURN_TYPE = YES_ERROR;
				GCC_WARN_UNDECLARED_SELECTOR = YES;
				GCC_WARN_UNINITIALIZED_AUTOS = YES_AGGRESSIVE;
				GCC_WARN_UNUSED_FUNCTION = YES;
				GCC_WARN_UNUSED_VARIABLE = YES;
				IPHONEOS_DEPLOYMENT_TARGET = 13.4;
				MTL_ENABLE_DEBUG_INFO = NO;
				MTL_FAST_MATH = YES;
				SDKROOT = iphoneos;
				SWIFT_COMPILATION_MODE = wholemodule;
				SWIFT_OPTIMIZATION_LEVEL = "-O";
				VALIDATE_PRODUCT = YES;
			};
			name = Release;
		};
		EB2DFA302499A84D00947EAA /* Debug */ = {
			isa = XCBuildConfiguration;
			baseConfigurationReference = 29EF86D13EC2058818B33315 /* Pods-Deai.debug.xcconfig */;
			buildSettings = {
				ASSETCATALOG_COMPILER_APPICON_NAME = AppIcon;
				CODE_SIGN_STYLE = Automatic;
				DEVELOPMENT_TEAM = 76XHL889CD;
				INFOPLIST_FILE = Deai/Info.plist;
				IPHONEOS_DEPLOYMENT_TARGET = 13.4;
				LD_RUNPATH_SEARCH_PATHS = (
					"$(inherited)",
					"@executable_path/Frameworks",
				);
				PRODUCT_BUNDLE_IDENTIFIER = "jp.co.al-j.Deaiayaka";
				PRODUCT_NAME = "$(TARGET_NAME)";
				SWIFT_OBJC_BRIDGING_HEADER = "Deai/Deai-Bridging-Header.h";
				SWIFT_VERSION = 5.0;
				TARGETED_DEVICE_FAMILY = 1;
			};
			name = Debug;
		};
		EB2DFA312499A84D00947EAA /* Release */ = {
			isa = XCBuildConfiguration;
			baseConfigurationReference = F95480E80C1AFDADC510EBA6 /* Pods-Deai.release.xcconfig */;
			buildSettings = {
				ASSETCATALOG_COMPILER_APPICON_NAME = AppIcon;
				CODE_SIGN_STYLE = Automatic;
				DEVELOPMENT_TEAM = 76XHL889CD;
				INFOPLIST_FILE = Deai/Info.plist;
				IPHONEOS_DEPLOYMENT_TARGET = 13.4;
				LD_RUNPATH_SEARCH_PATHS = (
					"$(inherited)",
					"@executable_path/Frameworks",
				);
				PRODUCT_BUNDLE_IDENTIFIER = "jp.co.al-j.Deaiayaka";
				PRODUCT_NAME = "$(TARGET_NAME)";
				SWIFT_OBJC_BRIDGING_HEADER = "Deai/Deai-Bridging-Header.h";
				SWIFT_VERSION = 5.0;
				TARGETED_DEVICE_FAMILY = 1;
			};
			name = Release;
		};
/* End XCBuildConfiguration section */

/* Begin XCConfigurationList section */
		EB2DFA162499A84A00947EAA /* Build configuration list for PBXProject "Deai" */ = {
			isa = XCConfigurationList;
			buildConfigurations = (
				EB2DFA2D2499A84D00947EAA /* Debug */,
				EB2DFA2E2499A84D00947EAA /* Release */,
			);
			defaultConfigurationIsVisible = 0;
			defaultConfigurationName = Release;
		};
		EB2DFA2F2499A84D00947EAA /* Build configuration list for PBXNativeTarget "Deai" */ = {
			isa = XCConfigurationList;
			buildConfigurations = (
				EB2DFA302499A84D00947EAA /* Debug */,
				EB2DFA312499A84D00947EAA /* Release */,
			);
			defaultConfigurationIsVisible = 0;
			defaultConfigurationName = Release;
		};
/* End XCConfigurationList section */
	};
	rootObject = EB2DFA132499A84A00947EAA /* Project object */;
}
